
Microsoft Visual Studio Solution File, Format Version 12.00
Project("{FAE04EC0-301F-11D3-BF4B-00C04F79EFBC}") = "AvaloniaContacts", "src\AvaloniaContacts.csproj", "{A752B1E5-0F57-4C6A-95A7-B197C4E403A5}"
EndProject
Project("{FAE04EC0-301F-11D3-BF4B-00C04F79EFBC}") = "AvaloniaContactsTests", "AvaloniaContactsTests\AvaloniaContactsTests.csproj", "{A8FCCE57-4C3C-44B4-9F62-6E425E2E7064}"
EndProject
Global
	GlobalSection(SolutionConfigurationPlatforms) = preSolution
		Debug|Any CPU = Debug|Any CPU
		Release|Any CPU = Release|Any CPU
	EndGlobalSection
	GlobalSection(ProjectConfigurationPlatforms) = postSolution
		{A752B1E5-0F57-4C6A-95A7-B197C4E403A5}.Debug|Any CPU.ActiveCfg = Debug|Any CPU
		{A752B1E5-0F57-4C6A-95A7-B197C4E403A5}.Debug|Any CPU.Build.0 = Debug|Any CPU
		{A752B1E5-0F57-4C6A-95A7-B197C4E403A5}.Release|Any CPU.ActiveCfg = Release|Any CPU
		{A752B1E5-0F57-4C6A-95A7-B197C4E403A5}.Release|Any CPU.Build.0 = Release|Any CPU
		{A8FCCE57-4C3C-44B4-9F62-6E425E2E7064}.Debug|Any CPU.ActiveCfg = Debug|Any CPU
		{A8FCCE57-4C3C-44B4-9F62-6E425E2E7064}.Debug|Any CPU.Build.0 = Debug|Any CPU
		{A8FCCE57-4C3C-44B4-9F62-6E425E2E7064}.Release|Any CPU.ActiveCfg = Release|Any CPU
		{A8FCCE57-4C3C-44B4-9F62-6E425E2E7064}.Release|Any CPU.Build.0 = Release|Any CPU
	EndGlobalSection
EndGlobal
